
Microsoft Visual Studio Solution File, Format Version 12.00
# Visual Studio Version 16
VisualStudioVersion = 16.0.30804.86
MinimumVisualStudioVersion = 10.0.40219.1
Project("{888888A0-9F3D-457C-B088-3A5042F75D52}") = "Prank", "Prank.pyproj", "{64CEA402-AA4C-4B5D-9BBC-C81F287FD869}"
EndProject
Global
	GlobalSection(SolutionConfigurationPlatforms) = preSolution
		Debug|Any CPU = Debug|Any CPU
		Release|Any CPU = Release|Any CPU
	EndGlobalSection
	GlobalSection(ProjectConfigurationPlatforms) = postSolution
		{64CEA402-AA4C-4B5D-9BBC-C81F287FD869}.Debug|Any CPU.ActiveCfg = Debug|Any CPU
		{64CEA402-AA4C-4B5D-9BBC-C81F287FD869}.Release|Any CPU.ActiveCfg = Release|Any CPU
	EndGlobalSection
	GlobalSection(SolutionProperties) = preSolution
		HideSolutionNode = FALSE
	EndGlobalSection
	GlobalSection(ExtensibilityGlobals) = postSolution
		SolutionGuid = {8FFF68F0-C8E1-4A05-B132-5BE950A08283}
	EndGlobalSection
EndGlobal
